// !$*UTF8*$!
{
	archiveVersion = 1;
	classes = {
	};
	objectVersion = 50;
	objects = {

/* Begin PBXBuildFile section */
		633412AF23785EB40037BA2C /* AppDelegate.swift in Sources */ = {isa = PBXBuildFile; fileRef = 633412AE23785EB40037BA2C /* AppDelegate.swift */; };
		633412B123785EB40037BA2C /* SceneDelegate.swift in Sources */ = {isa = PBXBuildFile; fileRef = 633412B023785EB40037BA2C /* SceneDelegate.swift */; };
		633412B323785EB40037BA2C /* ContentView.swift in Sources */ = {isa = PBXBuildFile; fileRef = 633412B223785EB40037BA2C /* ContentView.swift */; };
		633412B523785ED80037BA2C /* Assets.xcassets in Resources */ = {isa = PBXBuildFile; fileRef = 633412B423785ED80037BA2C /* Assets.xcassets */; };
		633412B823785ED80037BA2C /* Preview Assets.xcassets in Resources */ = {isa = PBXBuildFile; fileRef = 633412B723785ED80037BA2C /* Preview Assets.xcassets */; };
		633412BB23785ED80037BA2C /* LaunchScreen.storyboard in Resources */ = {isa = PBXBuildFile; fileRef = 633412B923785ED80037BA2C /* LaunchScreen.storyboard */; };
		633412C623785EDA0037BA2C /* KotlinIOSTests.swift in Sources */ = {isa = PBXBuildFile; fileRef = 633412C523785EDA0037BA2C /* KotlinIOSTests.swift */; };
		633412D123785EDA0037BA2C /* KotlinIOSUITests.swift in Sources */ = {isa = PBXBuildFile; fileRef = 633412D023785EDA0037BA2C /* KotlinIOSUITests.swift */; };
		633412E023786AC10037BA2C /* SharedCode.framework in Frameworks */ = {isa = PBXBuildFile; fileRef = 633412DF23786AC10037BA2C /* SharedCode.framework */; };
		633412E123786AC10037BA2C /* SharedCode.framework in Embed Frameworks */ = {isa = PBXBuildFile; fileRef = 633412DF23786AC10037BA2C /* SharedCode.framework */; settings = {ATTRIBUTES = (CodeSignOnCopy, RemoveHeadersOnCopy, ); }; };
/* End PBXBuildFile section */

/* Begin PBXContainerItemProxy section */
		633412C223785EDA0037BA2C /* PBXContainerItemProxy */ = {
			isa = PBXContainerItemProxy;
			containerPortal = 633412A323785EB30037BA2C /* Project object */;
			proxyType = 1;
			remoteGlobalIDString = 633412AA23785EB30037BA2C;
			remoteInfo = KotlinIOS;
		};
		633412CD23785EDA0037BA2C /* PBXContainerItemProxy */ = {
			isa = PBXContainerItemProxy;
			containerPortal = 633412A323785EB30037BA2C /* Project object */;
			proxyType = 1;
			remoteGlobalIDString = 633412AA23785EB30037BA2C;
			remoteInfo = KotlinIOS;
		};
/* End PBXContainerItemProxy section */

/* Begin PBXCopyFilesBuildPhase section */
		633412E223786AC10037BA2C /* Embed Frameworks */ = {
			isa = PBXCopyFilesBuildPhase;
			buildActionMask = 2147483647;
			dstPath = "";
			dstSubfolderSpec = 10;
			files = (
				633412E123786AC10037BA2C /* SharedCode.framework in Embed Frameworks */,
			);
			name = "Embed Frameworks";
			runOnlyForDeploymentPostprocessing = 0;
		};
/* End PBXCopyFilesBuildPhase section */

/* Begin PBXFileReference section */
		633412AB23785EB40037BA2C /* KotlinIOS.app */ = {isa = PBXFileReference; explicitFileType = wrapper.application; includeInIndex = 0; path = KotlinIOS.app; sourceTree = BUILT_PRODUCTS_DIR; };
		633412AE23785EB40037BA2C /* AppDelegate.swift */ = {isa = PBXFileReference; lastKnownFileType = sourcecode.swift; path = AppDelegate.swift; sourceTree = "<group>"; };
		633412B023785EB40037BA2C /* SceneDelegate.swift */ = {isa = PBXFileReference; lastKnownFileType = sourcecode.swift; path = SceneDelegate.swift; sourceTree = "<group>"; };
		633412B223785EB40037BA2C /* ContentView.swift */ = {isa = PBXFileReference; lastKnownFileType = sourcecode.swift; path = ContentView.swift; sourceTree = "<group>"; };
		633412B423785ED80037BA2C /* Assets.xcassets */ = {isa = PBXFileReference; lastKnownFileType = folder.assetcatalog; path = Assets.xcassets; sourceTree = "<group>"; };
		633412B723785ED80037BA2C /* Preview Assets.xcassets */ = {isa = PBXFileReference; lastKnownFileType = folder.assetcatalog; path = "Preview Assets.xcassets"; sourceTree = "<group>"; };
		633412BA23785ED80037BA2C /* Base */ = {isa = PBXFileReference; lastKnownFileType = file.storyboard; name = Base; path = Base.lproj/LaunchScreen.storyboard; sourceTree = "<group>"; };
		633412BC23785ED80037BA2C /* Info.plist */ = {isa = PBXFileReference; lastKnownFileType = text.plist.xml; path = Info.plist; sourceTree = "<group>"; };
		633412C123785EDA0037BA2C /* KotlinIOSTests.xctest */ = {isa = PBXFileReference; explicitFileType = wrapper.cfbundle; includeInIndex = 0; path = KotlinIOSTests.xctest; sourceTree = BUILT_PRODUCTS_DIR; };
		633412C523785EDA0037BA2C /* KotlinIOSTests.swift */ = {isa = PBXFileReference; lastKnownFileType = sourcecode.swift; path = KotlinIOSTests.swift; sourceTree = "<group>"; };
		633412C723785EDA0037BA2C /* Info.plist */ = {isa = PBXFileReference; lastKnownFileType = text.plist.xml; path = Info.plist; sourceTree = "<group>"; };
		633412CC23785EDA0037BA2C /* KotlinIOSUITests.xctest */ = {isa = PBXFileReference; explicitFileType = wrapper.cfbundle; includeInIndex = 0; path = KotlinIOSUITests.xctest; sourceTree = BUILT_PRODUCTS_DIR; };
		633412D023785EDA0037BA2C /* KotlinIOSUITests.swift */ = {isa = PBXFileReference; lastKnownFileType = sourcecode.swift; path = KotlinIOSUITests.swift; sourceTree = "<group>"; };
		633412D223785EDA0037BA2C /* Info.plist */ = {isa = PBXFileReference; lastKnownFileType = text.plist.xml; path = Info.plist; sourceTree = "<group>"; };
		633412DF23786AC10037BA2C /* SharedCode.framework */ = {isa = PBXFileReference; lastKnownFileType = wrapper.framework; name = SharedCode.framework; path = "../../SharedCode/build/xcode-frameworks/SharedCode.framework"; sourceTree = "<group>"; };
/* End PBXFileReference section */

/* Begin PBXFrameworksBuildPhase section */
		633412A823785EB30037BA2C /* Frameworks */ = {
			isa = PBXFrameworksBuildPhase;
			buildActionMask = 2147483647;
			files = (
				633412E023786AC10037BA2C /* SharedCode.framework in Frameworks */,
			);
			runOnlyForDeploymentPostprocessing = 0;
		};
		633412BE23785EDA0037BA2C /* Frameworks */ = {
			isa = PBXFrameworksBuildPhase;
			buildActionMask = 2147483647;
			files = (
			);
			runOnlyForDeploymentPostprocessing = 0;
		};
		633412C923785EDA0037BA2C /* Frameworks */ = {
			isa = PBXFrameworksBuildPhase;
			buildActionMask = 2147483647;
			files = (
			);
			runOnlyForDeploymentPostprocessing = 0;
		};
/* End PBXFrameworksBuildPhase section */

/* Begin PBXGroup section */
		633412A223785EB30037BA2C = {
			isa = PBXGroup;
			children = (
				633412AD23785EB40037BA2C /* KotlinIOS */,
				633412C423785EDA0037BA2C /* KotlinIOSTests */,
				633412CF23785EDA0037BA2C /* KotlinIOSUITests */,
				633412AC23785EB40037BA2C /* Products */,
				633412DE23786AC00037BA2C /* Frameworks */,
			);
			sourceTree = "<group>";
		};
		633412AC23785EB40037BA2C /* Products */ = {
			isa = PBXGroup;
			children = (
				633412AB23785EB40037BA2C /* KotlinIOS.app */,
				633412C123785EDA0037BA2C /* KotlinIOSTests.xctest */,
				633412CC23785EDA0037BA2C /* KotlinIOSUITests.xctest */,
			);
			name = Products;
			sourceTree = "<group>";
		};
		633412AD23785EB40037BA2C /* KotlinIOS */ = {
			isa = PBXGroup;
			children = (
				633412AE23785EB40037BA2C /* AppDelegate.swift */,
				633412B023785EB40037BA2C /* SceneDelegate.swift */,
				633412B223785EB40037BA2C /* ContentView.swift */,
				633412B423785ED80037BA2C /* Assets.xcassets */,
				633412B923785ED80037BA2C /* LaunchScreen.storyboard */,
				633412BC23785ED80037BA2C /* Info.plist */,
				633412B623785ED80037BA2C /* Preview Content */,
			);
			path = KotlinIOS;
			sourceTree = "<group>";
		};
		633412B623785ED80037BA2C /* Preview Content */ = {
			isa = PBXGroup;
			children = (
				633412B723785ED80037BA2C /* Preview Assets.xcassets */,
			);
			path = "Preview Content";
			sourceTree = "<group>";
		};
		633412C423785EDA0037BA2C /* KotlinIOSTests */ = {
			isa = PBXGroup;
			children = (
				633412C523785EDA0037BA2C /* KotlinIOSTests.swift */,
				633412C723785EDA0037BA2C /* Info.plist */,
			);
			path = KotlinIOSTests;
			sourceTree = "<group>";
		};
		633412CF23785EDA0037BA2C /* KotlinIOSUITests */ = {
			isa = PBXGroup;
			children = (
				633412D023785EDA0037BA2C /* KotlinIOSUITests.swift */,
				633412D223785EDA0037BA2C /* Info.plist */,
			);
			path = KotlinIOSUITests;
			sourceTree = "<group>";
		};
		633412DE23786AC00037BA2C /* Frameworks */ = {
			isa = PBXGroup;
			children = (
				633412DF23786AC10037BA2C /* SharedCode.framework */,
			);
			name = Frameworks;
			sourceTree = "<group>";
		};
/* End PBXGroup section */

/* Begin PBXNativeTarget section */
		633412AA23785EB30037BA2C /* KotlinIOS */ = {
			isa = PBXNativeTarget;
			buildConfigurationList = 633412D523785EDA0037BA2C /* Build configuration list for PBXNativeTarget "KotlinIOS" */;
			buildPhases = (
				633412E323786C970037BA2C /* ShellScript */,
				633412A723785EB30037BA2C /* Sources */,
				633412A823785EB30037BA2C /* Frameworks */,
				633412A923785EB30037BA2C /* Resources */,
				633412E223786AC10037BA2C /* Embed Frameworks */,
			);
			buildRules = (
			);
			dependencies = (
			);
			name = KotlinIOS;
			productName = KotlinIOS;
			productReference = 633412AB23785EB40037BA2C /* KotlinIOS.app */;
			productType = "com.apple.product-type.application";
		};
		633412C023785EDA0037BA2C /* KotlinIOSTests */ = {
			isa = PBXNativeTarget;
			buildConfigurationList = 633412D823785EDA0037BA2C /* Build configuration list for PBXNativeTarget "KotlinIOSTests" */;
			buildPhases = (
				633412BD23785EDA0037BA2C /* Sources */,
				633412BE23785EDA0037BA2C /* Frameworks */,
				633412BF23785EDA0037BA2C /* Resources */,
			);
			buildRules = (
			);
			dependencies = (
				633412C323785EDA0037BA2C /* PBXTargetDependency */,
			);
			name = KotlinIOSTests;
			productName = KotlinIOSTests;
			productReference = 633412C123785EDA0037BA2C /* KotlinIOSTests.xctest */;
			productType = "com.apple.product-type.bundle.unit-test";
		};
		633412CB23785EDA0037BA2C /* KotlinIOSUITests */ = {
			isa = PBXNativeTarget;
			buildConfigurationList = 633412DB23785EDA0037BA2C /* Build configuration list for PBXNativeTarget "KotlinIOSUITests" */;
			buildPhases = (
				633412C823785EDA0037BA2C /* Sources */,
				633412C923785EDA0037BA2C /* Frameworks */,
				633412CA23785EDA0037BA2C /* Resources */,
			);
			buildRules = (
			);
			dependencies = (
				633412CE23785EDA0037BA2C /* PBXTargetDependency */,
			);
			name = KotlinIOSUITests;
			productName = KotlinIOSUITests;
			productReference = 633412CC23785EDA0037BA2C /* KotlinIOSUITests.xctest */;
			productType = "com.apple.product-type.bundle.ui-testing";
		};
/* End PBXNativeTarget section */

/* Begin PBXProject section */
		633412A323785EB30037BA2C /* Project object */ = {
			isa = PBXProject;
			attributes = {
				LastSwiftUpdateCheck = 1120;
				LastUpgradeCheck = 1120;
				ORGANIZATIONNAME = David;
				TargetAttributes = {
					633412AA23785EB30037BA2C = {
						CreatedOnToolsVersion = 11.2;
					};
					633412C023785EDA0037BA2C = {
						CreatedOnToolsVersion = 11.2;
						TestTargetID = 633412AA23785EB30037BA2C;
					};
					633412CB23785EDA0037BA2C = {
						CreatedOnToolsVersion = 11.2;
						TestTargetID = 633412AA23785EB30037BA2C;
					};
				};
			};
			buildConfigurationList = 633412A623785EB30037BA2C /* Build configuration list for PBXProject "KotlinIOS" */;
			compatibilityVersion = "Xcode 9.3";
			developmentRegion = en;
			hasScannedForEncodings = 0;
			knownRegions = (
				en,
				Base,
			);
			mainGroup = 633412A223785EB30037BA2C;
			productRefGroup = 633412AC23785EB40037BA2C /* Products */;
			projectDirPath = "";
			projectRoot = "";
			targets = (
				633412AA23785EB30037BA2C /* KotlinIOS */,
				633412C023785EDA0037BA2C /* KotlinIOSTests */,
				633412CB23785EDA0037BA2C /* KotlinIOSUITests */,
			);
		};
/* End PBXProject section */

/* Begin PBXResourcesBuildPhase section */
		633412A923785EB30037BA2C /* Resources */ = {
			isa = PBXResourcesBuildPhase;
			buildActionMask = 2147483647;
			files = (
				633412BB23785ED80037BA2C /* LaunchScreen.storyboard in Resources */,
				633412B823785ED80037BA2C /* Preview Assets.xcassets in Resources */,
				633412B523785ED80037BA2C /* Assets.xcassets in Resources */,
			);
			runOnlyForDeploymentPostprocessing = 0;
		};
		633412BF23785EDA0037BA2C /* Resources */ = {
			isa = PBXResourcesBuildPhase;
			buildActionMask = 2147483647;
			files = (
			);
			runOnlyForDeploymentPostprocessing = 0;
		};
		633412CA23785EDA0037BA2C /* Resources */ = {
			isa = PBXResourcesBuildPhase;
			buildActionMask = 2147483647;
			files = (
			);
			runOnlyForDeploymentPostprocessing = 0;
		};
/* End PBXResourcesBuildPhase section */

/* Begin PBXShellScriptBuildPhase section */
		633412E323786C970037BA2C /* ShellScript */ = {
			isa = PBXShellScriptBuildPhase;
			buildActionMask = 2147483647;
			files = (
			);
			inputFileListPaths = (
			);
			inputPaths = (
			);
			outputFileListPaths = (
			);
			outputPaths = (
			);
			runOnlyForDeploymentPostprocessing = 0;
			shellPath = /bin/sh;
			shellScript = "cd \"$SRCROOT/../../SharedCode/build/xcode-frameworks\"\n./gradlew :SharedCode:packForXCode -PXCODE_CONFIGURATION=${CONFIGURATION}\n";
		};
/* End PBXShellScriptBuildPhase section */

/* Begin PBXSourcesBuildPhase section */
		633412A723785EB30037BA2C /* Sources */ = {
			isa = PBXSourcesBuildPhase;
			buildActionMask = 2147483647;
			files = (
				633412AF23785EB40037BA2C /* AppDelegate.swift in Sources */,
				633412B123785EB40037BA2C /* SceneDelegate.swift in Sources */,
				633412B323785EB40037BA2C /* ContentView.swift in Sources */,
			);
			runOnlyForDeploymentPostprocessing = 0;
		};
		633412BD23785EDA0037BA2C /* Sources */ = {
			isa = PBXSourcesBuildPhase;
			buildActionMask = 2147483647;
			files = (
				633412C623785EDA0037BA2C /* KotlinIOSTests.swift in Sources */,
			);
			runOnlyForDeploymentPostprocessing = 0;
		};
		633412C823785EDA0037BA2C /* Sources */ = {
			isa = PBXSourcesBuildPhase;
			buildActionMask = 2147483647;
			files = (
				633412D123785EDA0037BA2C /* KotlinIOSUITests.swift in Sources */,
			);
			runOnlyForDeploymentPostprocessing = 0;
		};
/* End PBXSourcesBuildPhase section */

/* Begin PBXTargetDependency section */
		633412C323785EDA0037BA2C /* PBXTargetDependency */ = {
			isa = PBXTargetDependency;
			target = 633412AA23785EB30037BA2C /* KotlinIOS */;
			targetProxy = 633412C223785EDA0037BA2C /* PBXContainerItemProxy */;
		};
		633412CE23785EDA0037BA2C /* PBXTargetDependency */ = {
			isa = PBXTargetDependency;
			target = 633412AA23785EB30037BA2C /* KotlinIOS */;
			targetProxy = 633412CD23785EDA0037BA2C /* PBXContainerItemProxy */;
		};
/* End PBXTargetDependency section */

/* Begin PBXVariantGroup section */
		633412B923785ED80037BA2C /* LaunchScreen.storyboard */ = {
			isa = PBXVariantGroup;
			children = (
				633412BA23785ED80037BA2C /* Base */,
			);
			name = LaunchScreen.storyboard;
			sourceTree = "<group>";
		};
/* End PBXVariantGroup section */

/* Begin XCBuildConfiguration section */
		633412D323785EDA0037BA2C /* Debug */ = {
			isa = XCBuildConfiguration;
			buildSettings = {
				ALWAYS_SEARCH_USER_PATHS = NO;
				CLANG_ANALYZER_NONNULL = YES;
				CLANG_ANALYZER_NUMBER_OBJECT_CONVERSION = YES_AGGRESSIVE;
				CLANG_CXX_LANGUAGE_STANDARD = "gnu++14";
				CLANG_CXX_LIBRARY = "libc++";
				CLANG_ENABLE_MODULES = YES;
				CLANG_ENABLE_OBJC_ARC = YES;
				CLANG_ENABLE_OBJC_WEAK = YES;
				CLANG_WARN_BLOCK_CAPTURE_AUTORELEASING = YES;
				CLANG_WARN_BOOL_CONVERSION = YES;
				CLANG_WARN_COMMA = YES;
				CLANG_WARN_CONSTANT_CONVERSION = YES;
				CLANG_WARN_DEPRECATED_OBJC_IMPLEMENTATIONS = YES;
				CLANG_WARN_DIRECT_OBJC_ISA_USAGE = YES_ERROR;
				CLANG_WARN_DOCUMENTATION_COMMENTS = YES;
				CLANG_WARN_EMPTY_BODY = YES;
				CLANG_WARN_ENUM_CONVERSION = YES;
				CLANG_WARN_INFINITE_RECURSION = YES;
				CLANG_WARN_INT_CONVERSION = YES;
				CLANG_WARN_NON_LITERAL_NULL_CONVERSION = YES;
				CLANG_WARN_OBJC_IMPLICIT_RETAIN_SELF = YES;
				CLANG_WARN_OBJC_LITERAL_CONVERSION = YES;
				CLANG_WARN_OBJC_ROOT_CLASS = YES_ERROR;
				CLANG_WARN_RANGE_LOOP_ANALYSIS = YES;
				CLANG_WARN_STRICT_PROTOTYPES = YES;
				CLANG_WARN_SUSPICIOUS_MOVE = YES;
				CLANG_WARN_UNGUARDED_AVAILABILITY = YES_AGGRESSIVE;
				CLANG_WARN_UNREACHABLE_CODE = YES;
				CLANG_WARN__DUPLICATE_METHOD_MATCH = YES;
				COPY_PHASE_STRIP = NO;
				DEBUG_INFORMATION_FORMAT = dwarf;
				ENABLE_STRICT_OBJC_MSGSEND = YES;
				ENABLE_TESTABILITY = YES;
				GCC_C_LANGUAGE_STANDARD = gnu11;
				GCC_DYNAMIC_NO_PIC = NO;
				GCC_NO_COMMON_BLOCKS = YES;
				GCC_OPTIMIZATION_LEVEL = 0;
				GCC_PREPROCESSOR_DEFINITIONS = (
					"DEBUG=1",
					"$(inherited)",
				);
				GCC_WARN_64_TO_32_BIT_CONVERSION = YES;
				GCC_WARN_ABOUT_RETURN_TYPE = YES_ERROR;
				GCC_WARN_UNDECLARED_SELECTOR = YES;
				GCC_WARN_UNINITIALIZED_AUTOS = YES_AGGRESSIVE;
				GCC_WARN_UNUSED_FUNCTION = YES;
				GCC_WARN_UNUSED_VARIABLE = YES;
				IPHONEOS_DEPLOYMENT_TARGET = 13.2;
				MTL_ENABLE_DEBUG_INFO = INCLUDE_SOURCE;
				MTL_FAST_MATH = YES;
				ONLY_ACTIVE_ARCH = YES;
				SDKROOT = iphoneos;
				SWIFT_ACTIVE_COMPILATION_CONDITIONS = DEBUG;
				SWIFT_OPTIMIZATION_LEVEL = "-Onone";
			};
			name = Debug;
		};
		633412D423785EDA0037BA2C /* Release */ = {
			isa = XCBuildConfiguration;
			buildSettings = {
				ALWAYS_SEARCH_USER_PATHS = NO;
				CLANG_ANALYZER_NONNULL = YES;
				CLANG_ANALYZER_NUMBER_OBJECT_CONVERSION = YES_AGGRESSIVE;
				CLANG_CXX_LANGUAGE_STANDARD = "gnu++14";
				CLANG_CXX_LIBRARY = "libc++";
				CLANG_ENABLE_MODULES = YES;
				CLANG_ENABLE_OBJC_ARC = YES;
				CLANG_ENABLE_OBJC_WEAK = YES;
				CLANG_WARN_BLOCK_CAPTURE_AUTORELEASING = YES;
				CLANG_WARN_BOOL_CONVERSION = YES;
				CLANG_WARN_COMMA = YES;
				CLANG_WARN_CONSTANT_CONVERSION = YES;
				CLANG_WARN_DEPRECATED_OBJC_IMPLEMENTATIONS = YES;
				CLANG_WARN_DIRECT_OBJC_ISA_USAGE = YES_ERROR;
				CLANG_WARN_DOCUMENTATION_COMMENTS = YES;
				CLANG_WARN_EMPTY_BODY = YES;
				CLANG_WARN_ENUM_CONVERSION = YES;
				CLANG_WARN_INFINITE_RECURSION = YES;
				CLANG_WARN_INT_CONVERSION = YES;
				CLANG_WARN_NON_LITERAL_NULL_CONVERSION = YES;
				CLANG_WARN_OBJC_IMPLICIT_RETAIN_SELF = YES;
				CLANG_WARN_OBJC_LITERAL_CONVERSION = YES;
				CLANG_WARN_OBJC_ROOT_CLASS = YES_ERROR;
				CLANG_WARN_RANGE_LOOP_ANALYSIS = YES;
				CLANG_WARN_STRICT_PROTOTYPES = YES;
				CLANG_WARN_SUSPICIOUS_MOVE = YES;
				CLANG_WARN_UNGUARDED_AVAILABILITY = YES_AGGRESSIVE;
				CLANG_WARN_UNREACHABLE_CODE = YES;
				CLANG_WARN__DUPLICATE_METHOD_MATCH = YES;
				COPY_PHASE_STRIP = NO;
				DEBUG_INFORMATION_FORMAT = "dwarf-with-dsym";
				ENABLE_NS_ASSERTIONS = NO;
				ENABLE_STRICT_OBJC_MSGSEND = YES;
				GCC_C_LANGUAGE_STANDARD = gnu11;
				GCC_NO_COMMON_BLOCKS = YES;
				GCC_WARN_64_TO_32_BIT_CONVERSION = YES;
				GCC_WARN_ABOUT_RETURN_TYPE = YES_ERROR;
				GCC_WARN_UNDECLARED_SELECTOR = YES;
				GCC_WARN_UNINITIALIZED_AUTOS = YES_AGGRESSIVE;
				GCC_WARN_UNUSED_FUNCTION = YES;
				GCC_WARN_UNUSED_VARIABLE = YES;
				IPHONEOS_DEPLOYMENT_TARGET = 13.2;
				MTL_ENABLE_DEBUG_INFO = NO;
				MTL_FAST_MATH = YES;
				SDKROOT = iphoneos;
				SWIFT_COMPILATION_MODE = wholemodule;
				SWIFT_OPTIMIZATION_LEVEL = "-O";
				VALIDATE_PRODUCT = YES;
			};
			name = Release;
		};
		633412D623785EDA0037BA2C /* Debug */ = {
			isa = XCBuildConfiguration;
			buildSettings = {
				ASSETCATALOG_COMPILER_APPICON_NAME = AppIcon;
				CODE_SIGN_STYLE = Automatic;
				DEVELOPMENT_ASSET_PATHS = "\"KotlinIOS/Preview Content\"";
				DEVELOPMENT_TEAM = 6LB3KG4JDH;
				ENABLE_PREVIEWS = YES;
				FRAMEWORK_SEARCH_PATHS = "/Users/david/AndroidStudioProjects/MyApplication/SharedCode/build/xcode-frameworks";
				INFOPLIST_FILE = KotlinIOS/Info.plist;
				LD_RUNPATH_SEARCH_PATHS = (
					"$(inherited)",
					"@executable_path/Frameworks",
				);
				PRODUCT_BUNDLE_IDENTIFIER = com.jetbrains.handson.mpp.mobile.daudrain.KotlinIOS;
				PRODUCT_NAME = "$(TARGET_NAME)";
				SWIFT_VERSION = 5.0;
				TARGETED_DEVICE_FAMILY = "1,2";
			};
			name = Debug;
		};
		633412D723785EDA0037BA2C /* Release */ = {
			isa = XCBuildConfiguration;
			buildSettings = {
				ASSETCATALOG_COMPILER_APPICON_NAME = AppIcon;
				CODE_SIGN_STYLE = Automatic;
				DEVELOPMENT_ASSET_PATHS = "\"KotlinIOS/Preview Content\"";
				DEVELOPMENT_TEAM = 6LB3KG4JDH;
				ENABLE_PREVIEWS = YES;
				FRAMEWORK_SEARCH_PATHS = "/Users/david/AndroidStudioProjects/MyApplication/SharedCode/build/xcode-frameworks";
				INFOPLIST_FILE = KotlinIOS/Info.plist;
				LD_RUNPATH_SEARCH_PATHS = (
					"$(inherited)",
					"@executable_path/Frameworks",
				);
				PRODUCT_BUNDLE_IDENTIFIER = com.jetbrains.handson.mpp.mobile.daudrain.KotlinIOS;
				PRODUCT_NAME = "$(TARGET_NAME)";
				SWIFT_VERSION = 5.0;
				TARGETED_DEVICE_FAMILY = "1,2";
			};
			name = Release;
		};
		633412D923785EDA0037BA2C /* Debug */ = {
			isa = XCBuildConfiguration;
			buildSettings = {
				ALWAYS_EMBED_SWIFT_STANDARD_LIBRARIES = YES;
				BUNDLE_LOADER = "$(TEST_HOST)";
				CODE_SIGN_STYLE = Automatic;
				INFOPLIST_FILE = KotlinIOSTests/Info.plist;
				IPHONEOS_DEPLOYMENT_TARGET = 13.2;
				LD_RUNPATH_SEARCH_PATHS = (
					"$(inherited)",
					"@executable_path/Frameworks",
					"@loader_path/Frameworks",
				);
				PRODUCT_BUNDLE_IDENTIFIER = com.jetbrains.handson.mpp.mobile.KotlinIOSTests;
				PRODUCT_NAME = "$(TARGET_NAME)";
				SWIFT_VERSION = 5.0;
				TARGETED_DEVICE_FAMILY = "1,2";
				TEST_HOST = "$(BUILT_PRODUCTS_DIR)/KotlinIOS.app/KotlinIOS";
			};
			name = Debug;
		};
		633412DA23785EDA0037BA2C /* Release */ = {
			isa = XCBuildConfiguration;
			buildSettings = {
				ALWAYS_EMBED_SWIFT_STANDARD_LIBRARIES = YES;
				BUNDLE_LOADER = "$(TEST_HOST)";
				CODE_SIGN_STYLE = Automatic;
				INFOPLIST_FILE = KotlinIOSTests/Info.plist;
				IPHONEOS_DEPLOYMENT_TARGET = 13.2;
				LD_RUNPATH_SEARCH_PATHS = (
					"$(inherited)",
					"@executable_path/Frameworks",
					"@loader_path/Frameworks",
				);
				PRODUCT_BUNDLE_IDENTIFIER = com.jetbrains.handson.mpp.mobile.KotlinIOSTests;
				PRODUCT_NAME = "$(TARGET_NAME)";
				SWIFT_VERSION = 5.0;
				TARGETED_DEVICE_FAMILY = "1,2";
				TEST_HOST = "$(BUILT_PRODUCTS_DIR)/KotlinIOS.app/KotlinIOS";
			};
			name = Release;
		};
		633412DC23785EDA0037BA2C /* Debug */ = {
			isa = XCBuildConfiguration;
			buildSettings = {
				ALWAYS_EMBED_SWIFT_STANDARD_LIBRARIES = YES;
				CODE_SIGN_STYLE = Automatic;
				INFOPLIST_FILE = KotlinIOSUITests/Info.plist;
				LD_RUNPATH_SEARCH_PATHS = (
					"$(inherited)",
					"@executable_path/Frameworks",
					"@loader_path/Frameworks",
				);
				PRODUCT_BUNDLE_IDENTIFIER = com.jetbrains.handson.mpp.mobile.KotlinIOSUITests;
				PRODUCT_NAME = "$(TARGET_NAME)";
				SWIFT_VERSION = 5.0;
				TARGETED_DEVICE_FAMILY = "1,2";
				TEST_TARGET_NAME = KotlinIOS;
			};
			name = Debug;
		};
		633412DD23785EDA0037BA2C /* Release */ = {
			isa = XCBuildConfiguration;
			buildSettings = {
				ALWAYS_EMBED_SWIFT_STANDARD_LIBRARIES = YES;
				CODE_SIGN_STYLE = Automatic;
				INFOPLIST_FILE = KotlinIOSUITests/Info.plist;
				LD_RUNPATH_SEARCH_PATHS = (
					"$(inherited)",
					"@executable_path/Frameworks",
					"@loader_path/Frameworks",
				);
				PRODUCT_BUNDLE_IDENTIFIER = com.jetbrains.handson.mpp.mobile.KotlinIOSUITests;
				PRODUCT_NAME = "$(TARGET_NAME)";
				SWIFT_VERSION = 5.0;
				TARGETED_DEVICE_FAMILY = "1,2";
				TEST_TARGET_NAME = KotlinIOS;
			};
			name = Release;
		};
/* End XCBuildConfiguration section */

/* Begin XCConfigurationList section */
		633412A623785EB30037BA2C /* Build configuration list for PBXProject "KotlinIOS" */ = {
			isa = XCConfigurationList;
			buildConfigurations = (
				633412D323785EDA0037BA2C /* Debug */,
				633412D423785EDA0037BA2C /* Release */,
			);
			defaultConfigurationIsVisible = 0;
			defaultConfigurationName = Release;
		};
		633412D523785EDA0037BA2C /* Build configuration list for PBXNativeTarget "KotlinIOS" */ = {
			isa = XCConfigurationList;
			buildConfigurations = (
				633412D623785EDA0037BA2C /* Debug */,
				633412D723785EDA0037BA2C /* Release */,
			);
			defaultConfigurationIsVisible = 0;
			defaultConfigurationName = Release;
		};
		633412D823785EDA0037BA2C /* Build configuration list for PBXNativeTarget "KotlinIOSTests" */ = {
			isa = XCConfigurationList;
			buildConfigurations = (
				633412D923785EDA0037BA2C /* Debug */,
				633412DA23785EDA0037BA2C /* Release */,
			);
			defaultConfigurationIsVisible = 0;
			defaultConfigurationName = Release;
		};
		633412DB23785EDA0037BA2C /* Build configuration list for PBXNativeTarget "KotlinIOSUITests" */ = {
			isa = XCConfigurationList;
			buildConfigurations = (
				633412DC23785EDA0037BA2C /* Debug */,
				633412DD23785EDA0037BA2C /* Release */,
			);
			defaultConfigurationIsVisible = 0;
			defaultConfigurationName = Release;
		};
/* End XCConfigurationList section */
	};
	rootObject = 633412A323785EB30037BA2C /* Project object */;
}
